{
    "_meta": {
        "hash": {
            "sha256": "6883bbb3ccb8ded21360fbe023ab9111a73cb3c532d874acc6ff281e7a32031f"
        },
        "pipfile-spec": 6,
        "requires": {
            "python_version": "3.13"
        },
        "sources": [
            {
                "name": "pypi",
                "url": "https://pypi.org/simple",
                "verify_ssl": true
            }
        ]
    },
    "default": {},
    "develop": {
        "av": {
            "hashes": [
                "sha256:036f0554d6faef3f4a94acaeb0cedd388e3ab96eb0eb5a14ec27c17369c466c9",
                "sha256:04e00124afa8b46a850ed48951ddda61de874407fb8307d6a875bba659d5727e",
                "sha256:07c464bf2bc362a154eccc82e235ef64fd3aaf8d76fc8ed63d0ae520943c6d3f",
                "sha256:080823a6ff712f81e7089ae9756fb1512ca1742a138556a852ce50f58e457213",
                "sha256:08e34c7e7b5e55e29931180bbe21095e1874ac120992bf6b8615d39574487617",
                "sha256:0b7c0d060863b2e341d07cd26851cb9057b7979814148b028fb7ee5d5eb8772d",
                "sha256:0c669b6b6668c8ae74451c15ec6d6d8a36e4c3803dc5d9910f607a174dd18f17",
                "sha256:0cdb71ebe4d1b241cf700f8f0c44a7d2a6602b921e16547dd68c0842113736e1",
                "sha256:0d6250ab9db80c641b299987027c987f14935ea837ea4c02c5f5182f6b69d9e5",
                "sha256:286665c77034c3a98080169b8b5586d5568a15da81fbcdaf8099252f2d232d7c",
                "sha256:28c27a65d40e8cf82b6db2543f8feeb8b56d36c1938f50773494cd3b073c7223",
                "sha256:2f4b357e5615457a84e6b6290916b22864b76b43d5079e1a73bc27581a5b9bac",
                "sha256:3f45c8d7b803b6faa2a25a26de5964a0a897de68298d9c9672c7af9d65d8b48a",
                "sha256:4b55ba69a943ae592ad7900da67129422954789de9dc384685d6b529925f542e",
                "sha256:4b8a08a59a5be0082af063d3f4b216e3950340121c6ea95b505a3f5f5cc8f21d",
                "sha256:4bc064e48a8de6c087b97dd27cf4ef8c13073f0793108fbce3ecd721201b2502",
                "sha256:4c61c6c120f5c5d95c711caf54e2c4a9fb2f1e613ac0a9c273d895f6b2602e44",
                "sha256:4e8ef5df76d8d0ee56139789f80bb90ad1a82a7e6df6e080e2e95c06fa22aea7",
                "sha256:4f7a6985784a7464f078e419c71f5528c3e550ee5d605e7149b4a37a111eb136",
                "sha256:5201f7b4b5ed2128118cb90c2a6d64feedb0586ca7c783176896c78ffb4bbd5c",
                "sha256:56902a06bd0828d13f13352874c370670882048267191ff5829534b611ba3956",
                "sha256:58e6faf1d9328d8cc6be14c5aadacb7d2965ed6d6ae1af32696993096543ff00",
                "sha256:6352a64b25c9f985d4f279c2902db9a92424e6f2c972161e67119616f0796cb9",
                "sha256:6368d4ff153d75469d2a3217bc403630dc870a72fe0a014d9135de550d731a86",
                "sha256:6573da96e8bebc3536860a7def108d7dbe1875c86517072431ced702447e6aea",
                "sha256:708a66c248848029bf518f0482b81c5803846f1b597ef8013b19c014470b620f",
                "sha256:750da0673864b669c95882c7b25768cd93ece0e47010d74ebcc29dbb14d611f8",
                "sha256:792e7fc3c08eae005ff36486983966476e553cbb55aaeb0ec99adc4909377320",
                "sha256:79a77ee452537030c21a0b41139bedaf16629636bf764b634e93b99c9d5f4558",
                "sha256:7a3f1a36b550adadd7513f4f5ee956f9e06b01a88e59f3150ef5fec6879d6f79",
                "sha256:7b621f28d8bcbb07cdcd7b18943ddc040739ad304545715ae733873b6e1b739d",
                "sha256:7ecc2e41320c69095f44aff93470a0d32c30892b2dbad0a08040441c81efa379",
                "sha256:876415470a62e4a3550cc38db2fc0094c25e64eea34d7293b7454125d5958190",
                "sha256:8b141aaa29a3afc96a1d467d106790782c1914628b57309eaadb8c10c299c9c0",
                "sha256:8bba52f3035708456f6b1994d10b0371b45cfd8f917b5e84ff81aef4ec2f08bf",
                "sha256:92101f49082392580c9dba4ba2fe5b931b3bb0fb75a1a848bfb9a11ded68be91",
                "sha256:a1bcf73efab5379601e6510abd7afe5f397d0f6defe69b1610c2f37a4a17996b",
                "sha256:bc098c1c6dc4e7080629a7e9560e67bd4b5654951e17e5ddfd2b1515cfcd37db",
                "sha256:c6de794abe52b8c0be55d8bb09ade05905efa74b1a5ab4860b4b9c2bfb6578bf",
                "sha256:d4a0c47b6c9bbadad8909b82847f5fe64a608ad392f0b01704e427349bcd9a47",
                "sha256:daecc2072b82b6a942acbdaa9a2e00c05234c61fef976b22713983c020b07992",
                "sha256:dd2ce779fa0b5f5889a6d9e00fbbbc39f58e247e52d31044272648fe16ff1dbf",
                "sha256:e310d1fb42879df9bad2152a8db6d2ff8bf332c8c36349a09d62cc122f5070fb",
                "sha256:e3243d54d84986e8fbdc1946db634b0c41fe69b6de35a99fa8b763e18503d040",
                "sha256:e41a8fef85dfb2c717349f9ff74f92f9560122a9f1a94b1c6c9a8a9c9462ba71",
                "sha256:e67c2eca6023ca7d76b0709c5f392b23a5defba499f4c262411f8155b1482cbd",
                "sha256:e6ffd3559a72c46a76aa622630751a821499ba5a780b0047ecc75105d43a6b61",
                "sha256:f88de8e5b8ea29e41af4d8d61df108323d050ccfbc90f15b13ec1f99ce0e841e",
                "sha256:fe988c2bf0fc2d952858f791f18377ea4ae4e19ba3504793799cd6c2a2562edf",
                "sha256:ffea39ac7574f234f5168f9b9602e8d4ecdd81853238ec4d661001f03a6d3f64"
            ],
            "index": "pypi",
            "markers": "python_version >= '3.10'",
            "version": "==16.0.1"
        },
        "ffmpeg": {
            "hashes": [
                "sha256:6931692c890ff21d39938433c2189747815dca0c60ddc7f9bb97f199dba0b5b9"
            ],
            "index": "pypi",
            "version": "==1.4"
        },
        "fzf-bin": {
            "hashes": [
                "sha256:2bd65a38baddffff974d1b414db2ffd5bbf9a2285e449a9b1af851314d568591",
                "sha256:30d97381a3fcce0a4bca95f8f3145819bd30cd3052e2938fb28212dcccfb4df4",
                "sha256:425519e29d927e802aaa5f7e8a719987d997a7fe950f6892db3d55c34bf74f34",
                "sha256:6469c71755fb715dc4a01a17a9cad797c91406db74930d540850d984041dfe89",
                "sha256:6dda4eae70deaf25b42036b7cfe7a975f7afea8c3d99f6410c43e44661ac6f76",
                "sha256:70d4309150db7252f062dc6dc8f7b07eaebf4d33d0f93dfe52ae5c5364ffe45b",
                "sha256:c3aed15231bb4d82d302924826d9f58889856383cd1d69f2b3053b7d15b050c1",
                "sha256:d003e685bceacbda8aa91d24179e3ad252f7727fd6f483e04e99c38fce37079d",
                "sha256:d60f85a79d9e55ebfc0935395e0fd4e2369c01cbbb8daa6aa7e82da22acca943",
                "sha256:d911aaa49988ce4d7085b17f2ff6596b45f8c30a339a7a15971b12f2ae46dfd1",
                "sha256:dbd6cb4328c0539b68d3a36b84dc8935699b33f6154a62bed63d6cdd60811447"
            ],
            "index": "pypi",
            "markers": "python_version >= '3.7'",
            "version": "==0.67.0"
        }
    }
}
